// !$*UTF8*$!
{
	archiveVersion = 1;
	classes = {
	};
	objectVersion = 56;
	objects = {

/* Begin PBXBuildFile section */
		D0C151AA8EE3664D48DD5C42 /* Pods_zeusWorkshop.framework in Frameworks */ = {isa = PBXBuildFile; fileRef = A61B5D2BCC9D98906724FA46 /* Pods_zeusWorkshop.framework */; };
		D3254AC62BB45A8700D72F0E /* UploadViewController.swift in Sources */ = {isa = PBXBuildFile; fileRef = D3254AC52BB45A8700D72F0E /* UploadViewController.swift */; };
		D3254AC82BB45AB900D72F0E /* HomePageViewController.swift in Sources */ = {isa = PBXBuildFile; fileRef = D3254AC72BB45AB900D72F0E /* HomePageViewController.swift */; };
		D3254ACA2BB45AC900D72F0E /* UserViewController.swift in Sources */ = {isa = PBXBuildFile; fileRef = D3254AC92BB45AC900D72F0E /* UserViewController.swift */; };
		D33BCA8B2BB588250063D953 /* GoogleService-Info.plist in Resources */ = {isa = PBXBuildFile; fileRef = D33BCA8A2BB588250063D953 /* GoogleService-Info.plist */; };
		D33E9E792BD17BF300F20BEA /* HomePageCell.swift in Sources */ = {isa = PBXBuildFile; fileRef = D33E9E782BD17BF300F20BEA /* HomePageCell.swift */; };
		D399FA2B2BF34012002C9D67 /* .gitignore in Resources */ = {isa = PBXBuildFile; fileRef = D399FA2A2BF34012002C9D67 /* .gitignore */; };
		D3B232AB2BA9B9EB0098B8A8 /* AppDelegate.swift in Sources */ = {isa = PBXBuildFile; fileRef = D3B232AA2BA9B9EB0098B8A8 /* AppDelegate.swift */; };
		D3B232AD2BA9B9EB0098B8A8 /* SceneDelegate.swift in Sources */ = {isa = PBXBuildFile; fileRef = D3B232AC2BA9B9EB0098B8A8 /* SceneDelegate.swift */; };
		D3B232AF2BA9B9EB0098B8A8 /* ViewController.swift in Sources */ = {isa = PBXBuildFile; fileRef = D3B232AE2BA9B9EB0098B8A8 /* ViewController.swift */; };
		D3B232B22BA9B9EB0098B8A8 /* Base in Resources */ = {isa = PBXBuildFile; fileRef = D3B232B12BA9B9EB0098B8A8 /* Base */; };
		D3B232B42BA9B9EC0098B8A8 /* Assets.xcassets in Resources */ = {isa = PBXBuildFile; fileRef = D3B232B32BA9B9EC0098B8A8 /* Assets.xcassets */; };
		D3B232B72BA9B9EC0098B8A8 /* Base in Resources */ = {isa = PBXBuildFile; fileRef = D3B232B62BA9B9EC0098B8A8 /* Base */; };
		D3BCCF822BEA5D31009B9904 /* SignUpViewController.swift in Sources */ = {isa = PBXBuildFile; fileRef = D3BCCF812BEA5D31009B9904 /* SignUpViewController.swift */; };
		D3D6E0082BE938DD00D5FBBE /* ForgotPassViewController.swift in Sources */ = {isa = PBXBuildFile; fileRef = D3D6E0072BE938DD00D5FBBE /* ForgotPassViewController.swift */; };
/* End PBXBuildFile section */

/* Begin PBXFileReference section */
		23D73601BC745C1D15F5C702 /* Pods-zeusWorkshop.release.xcconfig */ = {isa = PBXFileReference; includeInIndex = 1; lastKnownFileType = text.xcconfig; name = "Pods-zeusWorkshop.release.xcconfig"; path = "Target Support Files/Pods-zeusWorkshop/Pods-zeusWorkshop.release.xcconfig"; sourceTree = "<group>"; };
		54A65090D17E1D557305C5E5 /* Pods-zeusWorkshop.debug.xcconfig */ = {isa = PBXFileReference; includeInIndex = 1; lastKnownFileType = text.xcconfig; name = "Pods-zeusWorkshop.debug.xcconfig"; path = "Target Support Files/Pods-zeusWorkshop/Pods-zeusWorkshop.debug.xcconfig"; sourceTree = "<group>"; };
		A61B5D2BCC9D98906724FA46 /* Pods_zeusWorkshop.framework */ = {isa = PBXFileReference; explicitFileType = wrapper.framework; includeInIndex = 0; path = Pods_zeusWorkshop.framework; sourceTree = BUILT_PRODUCTS_DIR; };
		D3254AC52BB45A8700D72F0E /* UploadViewController.swift */ = {isa = PBXFileReference; lastKnownFileType = sourcecode.swift; path = UploadViewController.swift; sourceTree = "<group>"; };
		D3254AC72BB45AB900D72F0E /* HomePageViewController.swift */ = {isa = PBXFileReference; lastKnownFileType = sourcecode.swift; path = HomePageViewController.swift; sourceTree = "<group>"; };
		D3254AC92BB45AC900D72F0E /* UserViewController.swift */ = {isa = PBXFileReference; lastKnownFileType = sourcecode.swift; path = UserViewController.swift; sourceTree = "<group>"; };
		D33BCA8A2BB588250063D953 /* GoogleService-Info.plist */ = {isa = PBXFileReference; fileEncoding = 4; lastKnownFileType = text.plist.xml; path = "GoogleService-Info.plist"; sourceTree = "<group>"; };
		D33E9E782BD17BF300F20BEA /* HomePageCell.swift */ = {isa = PBXFileReference; lastKnownFileType = sourcecode.swift; path = HomePageCell.swift; sourceTree = "<group>"; };
		D399FA2A2BF34012002C9D67 /* .gitignore */ = {isa = PBXFileReference; lastKnownFileType = text; path = .gitignore; sourceTree = SOURCE_ROOT; };
		D3B232A72BA9B9EB0098B8A8 /* zeusWorkshop.app */ = {isa = PBXFileReference; explicitFileType = wrapper.application; includeInIndex = 0; path = zeusWorkshop.app; sourceTree = BUILT_PRODUCTS_DIR; };
		D3B232AA2BA9B9EB0098B8A8 /* AppDelegate.swift */ = {isa = PBXFileReference; lastKnownFileType = sourcecode.swift; path = AppDelegate.swift; sourceTree = "<group>"; };
		D3B232AC2BA9B9EB0098B8A8 /* SceneDelegate.swift */ = {isa = PBXFileReference; lastKnownFileType = sourcecode.swift; path = SceneDelegate.swift; sourceTree = "<group>"; };
		D3B232AE2BA9B9EB0098B8A8 /* ViewController.swift */ = {isa = PBXFileReference; lastKnownFileType = sourcecode.swift; path = ViewController.swift; sourceTree = "<group>"; };
		D3B232B12BA9B9EB0098B8A8 /* Base */ = {isa = PBXFileReference; lastKnownFileType = file.storyboard; name = Base; path = Base.lproj/Main.storyboard; sourceTree = "<group>"; };
		D3B232B32BA9B9EC0098B8A8 /* Assets.xcassets */ = {isa = PBXFileReference; lastKnownFileType = folder.assetcatalog; path = Assets.xcassets; sourceTree = "<group>"; };
		D3B232B62BA9B9EC0098B8A8 /* Base */ = {isa = PBXFileReference; lastKnownFileType = file.storyboard; name = Base; path = Base.lproj/LaunchScreen.storyboard; sourceTree = "<group>"; };
		D3B232B82BA9B9EC0098B8A8 /* Info.plist */ = {isa = PBXFileReference; lastKnownFileType = text.plist.xml; path = Info.plist; sourceTree = "<group>"; };
		D3BCCF812BEA5D31009B9904 /* SignUpViewController.swift */ = {isa = PBXFileReference; lastKnownFileType = sourcecode.swift; path = SignUpViewController.swift; sourceTree = "<group>"; };
		D3D6E0072BE938DD00D5FBBE /* ForgotPassViewController.swift */ = {isa = PBXFileReference; lastKnownFileType = sourcecode.swift; path = ForgotPassViewController.swift; sourceTree = "<group>"; };
/* End PBXFileReference section */

/* Begin PBXFrameworksBuildPhase section */
		D3B232A42BA9B9EB0098B8A8 /* Frameworks */ = {
			isa = PBXFrameworksBuildPhase;
			buildActionMask = 2147483647;
			files = (
				D0C151AA8EE3664D48DD5C42 /* Pods_zeusWorkshop.framework in Frameworks */,
			);
			runOnlyForDeploymentPostprocessing = 0;
		};
/* End PBXFrameworksBuildPhase section */

/* Begin PBXGroup section */
		16E32038E1ED4002B0ECB1D6 /* Frameworks */ = {
			isa = PBXGroup;
			children = (
				A61B5D2BCC9D98906724FA46 /* Pods_zeusWorkshop.framework */,
			);
			name = Frameworks;
			sourceTree = "<group>";
		};
		471791D43570D1AED6C22931 /* Pods */ = {
			isa = PBXGroup;
			children = (
				54A65090D17E1D557305C5E5 /* Pods-zeusWorkshop.debug.xcconfig */,
				23D73601BC745C1D15F5C702 /* Pods-zeusWorkshop.release.xcconfig */,
			);
			path = Pods;
			sourceTree = "<group>";
		};
		D3B2329E2BA9B9EB0098B8A8 = {
			isa = PBXGroup;
			children = (
				D399FA2A2BF34012002C9D67 /* .gitignore */,
				D3B232A92BA9B9EB0098B8A8 /* zeusWorkshop */,
				D33BCA8A2BB588250063D953 /* GoogleService-Info.plist */,
				D3B232A82BA9B9EB0098B8A8 /* Products */,
				471791D43570D1AED6C22931 /* Pods */,
				16E32038E1ED4002B0ECB1D6 /* Frameworks */,
			);
			sourceTree = "<group>";
		};
		D3B232A82BA9B9EB0098B8A8 /* Products */ = {
			isa = PBXGroup;
			children = (
				D3B232A72BA9B9EB0098B8A8 /* zeusWorkshop.app */,
			);
			name = Products;
			sourceTree = "<group>";
		};
		D3B232A92BA9B9EB0098B8A8 /* zeusWorkshop */ = {
			isa = PBXGroup;
			children = (
				D3B232AA2BA9B9EB0098B8A8 /* AppDelegate.swift */,
				D3B232AC2BA9B9EB0098B8A8 /* SceneDelegate.swift */,
				D3B232AE2BA9B9EB0098B8A8 /* ViewController.swift */,
				D3D6E0072BE938DD00D5FBBE /* ForgotPassViewController.swift */,
				D3254AC92BB45AC900D72F0E /* UserViewController.swift */,
				D3254AC72BB45AB900D72F0E /* HomePageViewController.swift */,
				D3254AC52BB45A8700D72F0E /* UploadViewController.swift */,
				D3B232B02BA9B9EB0098B8A8 /* Main.storyboard */,
				D3BCCF812BEA5D31009B9904 /* SignUpViewController.swift */,
				D3B232B32BA9B9EC0098B8A8 /* Assets.xcassets */,
				D3B232B52BA9B9EC0098B8A8 /* LaunchScreen.storyboard */,
				D3B232B82BA9B9EC0098B8A8 /* Info.plist */,
				D33E9E782BD17BF300F20BEA /* HomePageCell.swift */,
			);
			path = zeusWorkshop;
			sourceTree = "<group>";
		};
/* End PBXGroup section */

/* Begin PBXNativeTarget section */
		D3B232A62BA9B9EB0098B8A8 /* zeusWorkshop */ = {
			isa = PBXNativeTarget;
			buildConfigurationList = D3B232BB2BA9B9EC0098B8A8 /* Build configuration list for PBXNativeTarget "zeusWorkshop" */;
			buildPhases = (
				66E74CF800718B233BEA38C9 /* [CP] Check Pods Manifest.lock */,
				D3B232A32BA9B9EB0098B8A8 /* Sources */,
				D3B232A42BA9B9EB0098B8A8 /* Frameworks */,
				D3B232A52BA9B9EB0098B8A8 /* Resources */,
				2DCE07FD37DEA32CF64ADF53 /* [CP] Embed Pods Frameworks */,
			);
			buildRules = (
			);
			dependencies = (
			);
			name = zeusWorkshop;
			productName = zeusWorkshop;
			productReference = D3B232A72BA9B9EB0098B8A8 /* zeusWorkshop.app */;
			productType = "com.apple.product-type.application";
		};
/* End PBXNativeTarget section */

/* Begin PBXProject section */
		D3B2329F2BA9B9EB0098B8A8 /* Project object */ = {
			isa = PBXProject;
			attributes = {
				BuildIndependentTargetsInParallel = 1;
				LastSwiftUpdateCheck = 1530;
				LastUpgradeCheck = 1530;
				TargetAttributes = {
					D3B232A62BA9B9EB0098B8A8 = {
						CreatedOnToolsVersion = 15.3;
					};
				};
			};
			buildConfigurationList = D3B232A22BA9B9EB0098B8A8 /* Build configuration list for PBXProject "zeusWorkshop" */;
			compatibilityVersion = "Xcode 14.0";
			developmentRegion = en;
			hasScannedForEncodings = 0;
			knownRegions = (
				en,
				Base,
			);
			mainGroup = D3B2329E2BA9B9EB0098B8A8;
			productRefGroup = D3B232A82BA9B9EB0098B8A8 /* Products */;
			projectDirPath = "";
			projectRoot = "";
			targets = (
				D3B232A62BA9B9EB0098B8A8 /* zeusWorkshop */,
			);
		};
/* End PBXProject section */

/* Begin PBXResourcesBuildPhase section */
		D3B232A52BA9B9EB0098B8A8 /* Resources */ = {
			isa = PBXResourcesBuildPhase;
			buildActionMask = 2147483647;
			files = (
				D399FA2B2BF34012002C9D67 /* .gitignore in Resources */,
				D3B232B42BA9B9EC0098B8A8 /* Assets.xcassets in Resources */,
				D33BCA8B2BB588250063D953 /* GoogleService-Info.plist in Resources */,
				D3B232B72BA9B9EC0098B8A8 /* Base in Resources */,
				D3B232B22BA9B9EB0098B8A8 /* Base in Resources */,
			);
			runOnlyForDeploymentPostprocessing = 0;
		};
/* End PBXResourcesBuildPhase section */

/* Begin PBXShellScriptBuildPhase section */
		2DCE07FD37DEA32CF64ADF53 /* [CP] Embed Pods Frameworks */ = {
			isa = PBXShellScriptBuildPhase;
			buildActionMask = 2147483647;
			files = (
			);
			inputFileListPaths = (
				"${PODS_ROOT}/Target Support Files/Pods-zeusWorkshop/Pods-zeusWorkshop-frameworks-${CONFIGURATION}-input-files.xcfilelist",
			);
			name = "[CP] Embed Pods Frameworks";
			outputFileListPaths = (
				"${PODS_ROOT}/Target Support Files/Pods-zeusWorkshop/Pods-zeusWorkshop-frameworks-${CONFIGURATION}-output-files.xcfilelist",
			);
			runOnlyForDeploymentPostprocessing = 0;
			shellPath = /bin/sh;
			shellScript = "\"${PODS_ROOT}/Target Support Files/Pods-zeusWorkshop/Pods-zeusWorkshop-frameworks.sh\"\n";
			showEnvVarsInLog = 0;
		};
		66E74CF800718B233BEA38C9 /* [CP] Check Pods Manifest.lock */ = {
			isa = PBXShellScriptBuildPhase;
			buildActionMask = 2147483647;
			files = (
			);
			inputFileListPaths = (
			);
			inputPaths = (
				"${PODS_PODFILE_DIR_PATH}/Podfile.lock",
				"${PODS_ROOT}/Manifest.lock",
			);
			name = "[CP] Check Pods Manifest.lock";
			outputFileListPaths = (
			);
			outputPaths = (
				"$(DERIVED_FILE_DIR)/Pods-zeusWorkshop-checkManifestLockResult.txt",
			);
			runOnlyForDeploymentPostprocessing = 0;
			shellPath = /bin/sh;
			shellScript = "diff \"${PODS_PODFILE_DIR_PATH}/Podfile.lock\" \"${PODS_ROOT}/Manifest.lock\" > /dev/null\nif [ $? != 0 ] ; then\n    # print error to STDERR\n    echo \"error: The sandbox is not in sync with the Podfile.lock. Run 'pod install' or update your CocoaPods installation.\" >&2\n    exit 1\nfi\n# This output is used by Xcode 'outputs' to avoid re-running this script phase.\necho \"SUCCESS\" > \"${SCRIPT_OUTPUT_FILE_0}\"\n";
			showEnvVarsInLog = 0;
		};
/* End PBXShellScriptBuildPhase section */

/* Begin PBXSourcesBuildPhase section */
		D3B232A32BA9B9EB0098B8A8 /* Sources */ = {
			isa = PBXSourcesBuildPhase;
			buildActionMask = 2147483647;
			files = (
				D3D6E0082BE938DD00D5FBBE /* ForgotPassViewController.swift in Sources */,
				D3B232AF2BA9B9EB0098B8A8 /* ViewController.swift in Sources */,
				D3254ACA2BB45AC900D72F0E /* UserViewController.swift in Sources */,
				D3254AC62BB45A8700D72F0E /* UploadViewController.swift in Sources */,
				D3B232AB2BA9B9EB0098B8A8 /* AppDelegate.swift in Sources */,
				D3254AC82BB45AB900D72F0E /* HomePageViewController.swift in Sources */,
				D3BCCF822BEA5D31009B9904 /* SignUpViewController.swift in Sources */,
				D33E9E792BD17BF300F20BEA /* HomePageCell.swift in Sources */,
				D3B232AD2BA9B9EB0098B8A8 /* SceneDelegate.swift in Sources */,
			);
			runOnlyForDeploymentPostprocessing = 0;
		};
/* End PBXSourcesBuildPhase section */

/* Begin PBXVariantGroup section */
		D3B232B02BA9B9EB0098B8A8 /* Main.storyboard */ = {
			isa = PBXVariantGroup;
			children = (
				D3B232B12BA9B9EB0098B8A8 /* Base */,
			);
			name = Main.storyboard;
			sourceTree = "<group>";
		};
		D3B232B52BA9B9EC0098B8A8 /* LaunchScreen.storyboard */ = {
			isa = PBXVariantGroup;
			children = (
				D3B232B62BA9B9EC0098B8A8 /* Base */,
			);
			name = LaunchScreen.storyboard;
			sourceTree = "<group>";
		};
/* End PBXVariantGroup section */

/* Begin XCBuildConfiguration section */
		D3B232B92BA9B9EC0098B8A8 /* Debug */ = {
			isa = XCBuildConfiguration;
			buildSettings = {
				ALWAYS_SEARCH_USER_PATHS = NO;
				ASSETCATALOG_COMPILER_GENERATE_SWIFT_ASSET_SYMBOL_EXTENSIONS = YES;
				CLANG_ANALYZER_NONNULL = YES;
				CLANG_ANALYZER_NUMBER_OBJECT_CONVERSION = YES_AGGRESSIVE;
				CLANG_CXX_LANGUAGE_STANDARD = "gnu++20";
				CLANG_ENABLE_MODULES = YES;
				CLANG_ENABLE_OBJC_ARC = YES;
				CLANG_ENABLE_OBJC_WEAK = YES;
				CLANG_WARN_BLOCK_CAPTURE_AUTORELEASING = YES;
				CLANG_WARN_BOOL_CONVERSION = YES;
				CLANG_WARN_COMMA = YES;
				CLANG_WARN_CONSTANT_CONVERSION = YES;
				CLANG_WARN_DEPRECATED_OBJC_IMPLEMENTATIONS = YES;
				CLANG_WARN_DIRECT_OBJC_ISA_USAGE = YES_ERROR;
				CLANG_WARN_DOCUMENTATION_COMMENTS = YES;
				CLANG_WARN_EMPTY_BODY = YES;
				CLANG_WARN_ENUM_CONVERSION = YES;
				CLANG_WARN_INFINITE_RECURSION = YES;
				CLANG_WARN_INT_CONVERSION = YES;
				CLANG_WARN_NON_LITERAL_NULL_CONVERSION = YES;
				CLANG_WARN_OBJC_IMPLICIT_RETAIN_SELF = YES;
				CLANG_WARN_OBJC_LITERAL_CONVERSION = YES;
				CLANG_WARN_OBJC_ROOT_CLASS = YES_ERROR;
				CLANG_WARN_QUOTED_INCLUDE_IN_FRAMEWORK_HEADER = YES;
				CLANG_WARN_RANGE_LOOP_ANALYSIS = YES;
				CLANG_WARN_STRICT_PROTOTYPES = YES;
				CLANG_WARN_SUSPICIOUS_MOVE = YES;
				CLANG_WARN_UNGUARDED_AVAILABILITY = YES_AGGRESSIVE;
				CLANG_WARN_UNREACHABLE_CODE = YES;
				CLANG_WARN__DUPLICATE_METHOD_MATCH = YES;
				COPY_PHASE_STRIP = NO;
				DEBUG_INFORMATION_FORMAT = dwarf;
				ENABLE_STRICT_OBJC_MSGSEND = YES;
				ENABLE_TESTABILITY = YES;
				ENABLE_USER_SCRIPT_SANDBOXING = NO;
				GCC_C_LANGUAGE_STANDARD = gnu17;
				GCC_DYNAMIC_NO_PIC = NO;
				GCC_NO_COMMON_BLOCKS = YES;
				GCC_OPTIMIZATION_LEVEL = 0;
				GCC_PREPROCESSOR_DEFINITIONS = (
					"DEBUG=1",
					"$(inherited)",
				);
				GCC_WARN_64_TO_32_BIT_CONVERSION = YES;
				GCC_WARN_ABOUT_RETURN_TYPE = YES_ERROR;
				GCC_WARN_UNDECLARED_SELECTOR = YES;
				GCC_WARN_UNINITIALIZED_AUTOS = YES_AGGRESSIVE;
				GCC_WARN_UNUSED_FUNCTION = YES;
				GCC_WARN_UNUSED_VARIABLE = YES;
				IPHONEOS_DEPLOYMENT_TARGET = 17.4;
				LOCALIZATION_PREFERS_STRING_CATALOGS = YES;
				MTL_ENABLE_DEBUG_INFO = INCLUDE_SOURCE;
				MTL_FAST_MATH = YES;
				ONLY_ACTIVE_ARCH = YES;
				SDKROOT = iphoneos;
				SWIFT_ACTIVE_COMPILATION_CONDITIONS = "DEBUG $(inherited)";
				SWIFT_OPTIMIZATION_LEVEL = "-Onone";
			};
			name = Debug;
		};
		D3B232BA2BA9B9EC0098B8A8 /* Release */ = {
			isa = XCBuildConfiguration;
			buildSettings = {
				ALWAYS_SEARCH_USER_PATHS = NO;
				ASSETCATALOG_COMPILER_GENERATE_SWIFT_ASSET_SYMBOL_EXTENSIONS = YES;
				CLANG_ANALYZER_NONNULL = YES;
				CLANG_ANALYZER_NUMBER_OBJECT_CONVERSION = YES_AGGRESSIVE;
				CLANG_CXX_LANGUAGE_STANDARD = "gnu++20";
				CLANG_ENABLE_MODULES = YES;
				CLANG_ENABLE_OBJC_ARC = YES;
				CLANG_ENABLE_OBJC_WEAK = YES;
				CLANG_WARN_BLOCK_CAPTURE_AUTORELEASING = YES;
				CLANG_WARN_BOOL_CONVERSION = YES;
				CLANG_WARN_COMMA = YES;
				CLANG_WARN_CONSTANT_CONVERSION = YES;
				CLANG_WARN_DEPRECATED_OBJC_IMPLEMENTATIONS = YES;
				CLANG_WARN_DIRECT_OBJC_ISA_USAGE = YES_ERROR;
				CLANG_WARN_DOCUMENTATION_COMMENTS = YES;
				CLANG_WARN_EMPTY_BODY = YES;
				CLANG_WARN_ENUM_CONVERSION = YES;
				CLANG_WARN_INFINITE_RECURSION = YES;
				CLANG_WARN_INT_CONVERSION = YES;
				CLANG_WARN_NON_LITERAL_NULL_CONVERSION = YES;
				CLANG_WARN_OBJC_IMPLICIT_RETAIN_SELF = YES;
				CLANG_WARN_OBJC_LITERAL_CONVERSION = YES;
				CLANG_WARN_OBJC_ROOT_CLASS = YES_ERROR;
				CLANG_WARN_QUOTED_INCLUDE_IN_FRAMEWORK_HEADER = YES;
				CLANG_WARN_RANGE_LOOP_ANALYSIS = YES;
				CLANG_WARN_STRICT_PROTOTYPES = YES;
				CLANG_WARN_SUSPICIOUS_MOVE = YES;
				CLANG_WARN_UNGUARDED_AVAILABILITY = YES_AGGRESSIVE;
				CLANG_WARN_UNREACHABLE_CODE = YES;
				CLANG_WARN__DUPLICATE_METHOD_MATCH = YES;
				COPY_PHASE_STRIP = NO;
				DEBUG_INFORMATION_FORMAT = "dwarf-with-dsym";
				ENABLE_NS_ASSERTIONS = NO;
				ENABLE_STRICT_OBJC_MSGSEND = YES;
				ENABLE_USER_SCRIPT_SANDBOXING = NO;
				GCC_C_LANGUAGE_STANDARD = gnu17;
				GCC_NO_COMMON_BLOCKS = YES;
				GCC_WARN_64_TO_32_BIT_CONVERSION = YES;
				GCC_WARN_ABOUT_RETURN_TYPE = YES_ERROR;
				GCC_WARN_UNDECLARED_SELECTOR = YES;
				GCC_WARN_UNINITIALIZED_AUTOS = YES_AGGRESSIVE;
				GCC_WARN_UNUSED_FUNCTION = YES;
				GCC_WARN_UNUSED_VARIABLE = YES;
				IPHONEOS_DEPLOYMENT_TARGET = 17.4;
				LOCALIZATION_PREFERS_STRING_CATALOGS = YES;
				MTL_ENABLE_DEBUG_INFO = NO;
				MTL_FAST_MATH = YES;
				SDKROOT = iphoneos;
				SWIFT_COMPILATION_MODE = wholemodule;
				VALIDATE_PRODUCT = YES;
			};
			name = Release;
		};
		D3B232BC2BA9B9EC0098B8A8 /* Debug */ = {
			isa = XCBuildConfiguration;
			baseConfigurationReference = 54A65090D17E1D557305C5E5 /* Pods-zeusWorkshop.debug.xcconfig */;
			buildSettings = {
				ASSETCATALOG_COMPILER_APPICON_NAME = AppIcon;
				ASSETCATALOG_COMPILER_GLOBAL_ACCENT_COLOR_NAME = AccentColor;
				CODE_SIGN_STYLE = Automatic;
				CURRENT_PROJECT_VERSION = 1;
				GENERATE_INFOPLIST_FILE = YES;
				INFOPLIST_FILE = zeusWorkshop/Info.plist;
				INFOPLIST_KEY_UIApplicationSupportsIndirectInputEvents = YES;
				INFOPLIST_KEY_UILaunchStoryboardName = LaunchScreen;
				INFOPLIST_KEY_UIMainStoryboardFile = Main;
				INFOPLIST_KEY_UISupportedInterfaceOrientations_iPad = "UIInterfaceOrientationPortrait UIInterfaceOrientationPortraitUpsideDown UIInterfaceOrientationLandscapeLeft UIInterfaceOrientationLandscapeRight";
				INFOPLIST_KEY_UISupportedInterfaceOrientations_iPhone = "UIInterfaceOrientationPortrait UIInterfaceOrientationLandscapeLeft UIInterfaceOrientationLandscapeRight";
				LD_RUNPATH_SEARCH_PATHS = (
					"$(inherited)",
					"@executable_path/Frameworks",
				);
				MARKETING_VERSION = 1.0;
				PRODUCT_BUNDLE_IDENTIFIER = com.asudetimur.zeusWorkshop;
				PRODUCT_NAME = "$(TARGET_NAME)";
				SWIFT_EMIT_LOC_STRINGS = YES;
				SWIFT_VERSION = 5.0;
				TARGETED_DEVICE_FAMILY = "1,2";
			};
			name = Debug;
		};
		D3B232BD2BA9B9EC0098B8A8 /* Release */ = {
			isa = XCBuildConfiguration;
			baseConfigurationReference = 23D73601BC745C1D15F5C702 /* Pods-zeusWorkshop.release.xcconfig */;
			buildSettings = {
				ASSETCATALOG_COMPILER_APPICON_NAME = AppIcon;
				ASSETCATALOG_COMPILER_GLOBAL_ACCENT_COLOR_NAME = AccentColor;
				CODE_SIGN_STYLE = Automatic;
				CURRENT_PROJECT_VERSION = 1;
				GENERATE_INFOPLIST_FILE = YES;
				INFOPLIST_FILE = zeusWorkshop/Info.plist;
				INFOPLIST_KEY_UIApplicationSupportsIndirectInputEvents = YES;
				INFOPLIST_KEY_UILaunchStoryboardName = LaunchScreen;
				INFOPLIST_KEY_UIMainStoryboardFile = Main;
				INFOPLIST_KEY_UISupportedInterfaceOrientations_iPad = "UIInterfaceOrientationPortrait UIInterfaceOrientationPortraitUpsideDown UIInterfaceOrientationLandscapeLeft UIInterfaceOrientationLandscapeRight";
				INFOPLIST_KEY_UISupportedInterfaceOrientations_iPhone = "UIInterfaceOrientationPortrait UIInterfaceOrientationLandscapeLeft UIInterfaceOrientationLandscapeRight";
				LD_RUNPATH_SEARCH_PATHS = (
					"$(inherited)",
					"@executable_path/Frameworks",
				);
				MARKETING_VERSION = 1.0;
				PRODUCT_BUNDLE_IDENTIFIER = com.asudetimur.zeusWorkshop;
				PRODUCT_NAME = "$(TARGET_NAME)";
				SWIFT_EMIT_LOC_STRINGS = YES;
				SWIFT_VERSION = 5.0;
				TARGETED_DEVICE_FAMILY = "1,2";
			};
			name = Release;
		};
/* End XCBuildConfiguration section */

/* Begin XCConfigurationList section */
		D3B232A22BA9B9EB0098B8A8 /* Build configuration list for PBXProject "zeusWorkshop" */ = {
			isa = XCConfigurationList;
			buildConfigurations = (
				D3B232B92BA9B9EC0098B8A8 /* Debug */,
				D3B232BA2BA9B9EC0098B8A8 /* Release */,
			);
			defaultConfigurationIsVisible = 0;
			defaultConfigurationName = Release;
		};
		D3B232BB2BA9B9EC0098B8A8 /* Build configuration list for PBXNativeTarget "zeusWorkshop" */ = {
			isa = XCConfigurationList;
			buildConfigurations = (
				D3B232BC2BA9B9EC0098B8A8 /* Debug */,
				D3B232BD2BA9B9EC0098B8A8 /* Release */,
			);
			defaultConfigurationIsVisible = 0;
			defaultConfigurationName = Release;
		};
/* End XCConfigurationList section */
	};
	rootObject = D3B2329F2BA9B9EB0098B8A8 /* Project object */;
}
